
Microsoft Visual Studio Solution File, Format Version 12.00
# Visual Studio Version 17
VisualStudioVersion = 17.7.34009.444
MinimumVisualStudioVersion = 10.0.40219.1
Project("{9A19103F-16F7-4668-BE54-9A1E7A4F7556}") = "StepHR365", "StepHR365.csproj", "{F9AB2FAB-13AF-4762-AB6D-F1C847E6D16D}"
EndProject
Global
	GlobalSection(SolutionConfigurationPlatforms) = preSolution
		Debug|Any CPU = Debug|Any CPU
		Release|Any CPU = Release|Any CPU
	EndGlobalSection
	GlobalSection(ProjectConfigurationPlatforms) = postSolution
		{F9AB2FAB-13AF-4762-AB6D-F1C847E6D16D}.Debug|Any CPU.ActiveCfg = Debug|Any CPU
		{F9AB2FAB-13AF-4762-AB6D-F1C847E6D16D}.Debug|Any CPU.Build.0 = Debug|Any CPU
		{F9AB2FAB-13AF-4762-AB6D-F1C847E6D16D}.Release|Any CPU.ActiveCfg = Release|Any CPU
		{F9AB2FAB-13AF-4762-AB6D-F1C847E6D16D}.Release|Any CPU.Build.0 = Release|Any CPU
	EndGlobalSection
	GlobalSection(SolutionProperties) = preSolution
		HideSolutionNode = FALSE
	EndGlobalSection
	GlobalSection(ExtensibilityGlobals) = postSolution
		SolutionGuid = {35AAF302-749E-4790-88A9-A16B47D7D4C0}
	EndGlobalSection
EndGlobal
